
Microsoft Visual Studio Solution File, Format Version 12.00
# Visual Studio Version 17
VisualStudioVersion = 17.10.35027.167
MinimumVisualStudioVersion = 10.0.40219.1
Project("{FAE04EC0-301F-11D3-BF4B-00C04F79EFBC}") = "Assignment5", "Assignment5\Assignment5.csproj", "{EC5D1551-5385-4987-BBAA-946B33DEED68}"
EndProject
Global
	GlobalSection(SolutionConfigurationPlatforms) = preSolution
		Debug|Any CPU = Debug|Any CPU
		Release|Any CPU = Release|Any CPU
	EndGlobalSection
	GlobalSection(ProjectConfigurationPlatforms) = postSolution
		{EC5D1551-5385-4987-BBAA-946B33DEED68}.Debug|Any CPU.ActiveCfg = Debug|Any CPU
		{EC5D1551-5385-4987-BBAA-946B33DEED68}.Debug|Any CPU.Build.0 = Debug|Any CPU
		{EC5D1551-5385-4987-BBAA-946B33DEED68}.Release|Any CPU.ActiveCfg = Release|Any CPU
		{EC5D1551-5385-4987-BBAA-946B33DEED68}.Release|Any CPU.Build.0 = Release|Any CPU
	EndGlobalSection
	GlobalSection(SolutionProperties) = preSolution
		HideSolutionNode = FALSE
	EndGlobalSection
	GlobalSection(ExtensibilityGlobals) = postSolution
		SolutionGuid = {A411FA56-AD71-448D-9C77-BD27BECE21D9}
	EndGlobalSection
EndGlobal
